
Microsoft Visual Studio Solution File, Format Version 12.00
# Visual Studio Version 16
VisualStudioVersion = 16.0.31402.337
MinimumVisualStudioVersion = 10.0.40219.1
Project("{9A19103F-16F7-4668-BE54-9A1E7A4F7556}") = "WasmReportDesigner.Server", "WasmReportDesigner\Server\WasmReportDesigner.Server.csproj", "{1BA0F2E1-C1D7-46D0-87F2-B391BCA5C43C}"
EndProject
Project("{9A19103F-16F7-4668-BE54-9A1E7A4F7556}") = "WasmReportDesigner.Client", "WasmReportDesigner\Client\WasmReportDesigner.Client.csproj", "{B77328A3-2B36-4B29-A9CC-8B440271B49F}"
EndProject
Project("{9A19103F-16F7-4668-BE54-9A1E7A4F7556}") = "WasmReportDesigner.Shared", "WasmReportDesigner\Shared\WasmReportDesigner.Shared.csproj", "{A593FE6E-A710-40BF-8E72-3411188158D5}"
EndProject
Global
	GlobalSection(SolutionConfigurationPlatforms) = preSolution
		Debug|Any CPU = Debug|Any CPU
		Release|Any CPU = Release|Any CPU
	EndGlobalSection
	GlobalSection(ProjectConfigurationPlatforms) = postSolution
		{1BA0F2E1-C1D7-46D0-87F2-B391BCA5C43C}.Debug|Any CPU.ActiveCfg = Debug|Any CPU
		{1BA0F2E1-C1D7-46D0-87F2-B391BCA5C43C}.Debug|Any CPU.Build.0 = Debug|Any CPU
		{1BA0F2E1-C1D7-46D0-87F2-B391BCA5C43C}.Release|Any CPU.ActiveCfg = Release|Any CPU
		{1BA0F2E1-C1D7-46D0-87F2-B391BCA5C43C}.Release|Any CPU.Build.0 = Release|Any CPU
		{B77328A3-2B36-4B29-A9CC-8B440271B49F}.Debug|Any CPU.ActiveCfg = Debug|Any CPU
		{B77328A3-2B36-4B29-A9CC-8B440271B49F}.Debug|Any CPU.Build.0 = Debug|Any CPU
		{B77328A3-2B36-4B29-A9CC-8B440271B49F}.Release|Any CPU.ActiveCfg = Release|Any CPU
		{B77328A3-2B36-4B29-A9CC-8B440271B49F}.Release|Any CPU.Build.0 = Release|Any CPU
		{A593FE6E-A710-40BF-8E72-3411188158D5}.Debug|Any CPU.ActiveCfg = Debug|Any CPU
		{A593FE6E-A710-40BF-8E72-3411188158D5}.Debug|Any CPU.Build.0 = Debug|Any CPU
		{A593FE6E-A710-40BF-8E72-3411188158D5}.Release|Any CPU.ActiveCfg = Release|Any CPU
		{A593FE6E-A710-40BF-8E72-3411188158D5}.Release|Any CPU.Build.0 = Release|Any CPU
	EndGlobalSection
	GlobalSection(SolutionProperties) = preSolution
		HideSolutionNode = FALSE
	EndGlobalSection
	GlobalSection(ExtensibilityGlobals) = postSolution
		SolutionGuid = {C1A964B2-C359-4575-9654-605F1A92BB4A}
	EndGlobalSection
EndGlobal
